{
  "name": "assets",
  "lockfileVersion": 2,
  "requires": true,
  "packages": {
    "": {
      "dependencies": {
        "phoenix_typed_hook": "^0.18.1"
      }
    },
    "node_modules/@types/phoenix": {
      "version": "1.5.4",
      "resolved": "https://registry.npmjs.org/@types/phoenix/-/phoenix-1.5.4.tgz",
      "integrity": "sha512-L5eZmzw89eXBKkiqVBcJfU1QGx9y+wurRIEgt0cuLH0hwNtVUxtx+6cu0R2STwWj468sjXyBYPYDtGclUd1kjQ==",
      "peer": true
    },
    "node_modules/@types/phoenix_live_view": {
      "version": "0.15.1",
      "resolved": "https://registry.npmjs.org/@types/phoenix_live_view/-/phoenix_live_view-0.15.1.tgz",
      "integrity": "sha512-dWKwJ9xqCHW+3TVfCIVC6/6ZMpURlDcu9qakWL89H5iWoSXs5X7gaKKnPXc7a1IKULieZjHBVkCW0Ui9aRf3Bg==",
      "peer": true,
      "dependencies": {
        "@types/phoenix": "*"
      }
    },
    "node_modules/phoenix_typed_hook": {
      "version": "0.18.1",
      "resolved": "https://registry.npmjs.org/phoenix_typed_hook/-/phoenix_typed_hook-0.18.1.tgz",
      "integrity": "sha512-2sblNBkKR9XBlkpu9bSq64nVwi8ISksed/75Rdqmo1wT2OwyR6uXiQMqeYZvhRkddJTPf0s0odifYI5aVxnp3w==",
      "peerDependencies": {
        "@types/phoenix_live_view": "^0.15.1"
      }
    }
  },
  "dependencies": {
    "@types/phoenix": {
      "version": "1.5.4",
      "resolved": "https://registry.npmjs.org/@types/phoenix/-/phoenix-1.5.4.tgz",
      "integrity": "sha512-L5eZmzw89eXBKkiqVBcJfU1QGx9y+wurRIEgt0cuLH0hwNtVUxtx+6cu0R2STwWj468sjXyBYPYDtGclUd1kjQ==",
      "peer": true
    },
    "@types/phoenix_live_view": {
      "version": "0.15.1",
      "resolved": "https://registry.npmjs.org/@types/phoenix_live_view/-/phoenix_live_view-0.15.1.tgz",
      "integrity": "sha512-dWKwJ9xqCHW+3TVfCIVC6/6ZMpURlDcu9qakWL89H5iWoSXs5X7gaKKnPXc7a1IKULieZjHBVkCW0Ui9aRf3Bg==",
      "peer": true,
      "requires": {
        "@types/phoenix": "*"
      }
    },
    "phoenix_typed_hook": {
      "version": "0.18.1",
      "resolved": "https://registry.npmjs.org/phoenix_typed_hook/-/phoenix_typed_hook-0.18.1.tgz",
      "integrity": "sha512-2sblNBkKR9XBlkpu9bSq64nVwi8ISksed/75Rdqmo1wT2OwyR6uXiQMqeYZvhRkddJTPf0s0odifYI5aVxnp3w==",
      "requires": {}
    }
  }
}
